# This file is generated by flusso from `flusso.toml` and the schemas it references.
# It is not intended for manual editing.

format_version = 2

[config]
on_error = "skip"
prefix = "staging_"

[config.source]
source_type = "postgres"
manage_publication = false

[config.source.connection.parts]
host = "db.example.com"
port = 5432
user = "flusso"
database = "shop"

[config.source.connection.parts.password]
env = "PGPASSWORD"

[config.source.tls]
mode = "verify-full"
root_cert = "/etc/ssl/ca.pem"
client_cert = "/etc/ssl/client.pem"
client_key = "/etc/ssl/client.key"
sni_hostname = "db.internal"

[config.sinks.audit.stdout]
pretty = true

[config.sinks.primary.opensearch]
tls_verify = true
batch_size = 500
max_bytes = 5242880
timeout_secs = 60
max_retries = 5
pipeline = "enrich"
number_of_shards = 2
number_of_replicas = 1
refresh_interval = "30s"
text_analysis = "icu"
auto_subfields = false

[config.sinks.primary.opensearch.url]
value = "https://search.example.com:9200"

[config.sinks.primary.opensearch.username]
value = "indexer"

[config.sinks.primary.opensearch.password]
env = "OPENSEARCH_PASSWORD"

[config.indexes.archive]
enabled = false

[config.indexes.archive.schema]
version = 1
table = "archived_orders"
db_schema = "public"
primary_key = "id"

[[config.indexes.archive.schema.fields]]
field = "id"

[config.indexes.archive.schema.fields.source.column]
column = "id"
ty = "long"
nullable = false

[[config.indexes.archive.schema.fields]]
field = "archivedAt"

[config.indexes.archive.schema.fields.source.column]
column = "archived_at"
ty = "timestamp"
nullable = false

[config.indexes.catalog]
enabled = true
on_error = "stop"

[config.indexes.catalog.schema]
version = 1
table = "products"
db_schema = "shop"
primary_key = "id"

[config.indexes.catalog.schema.soft_delete.column]
column = "deleted"

[[config.indexes.catalog.schema.soft_delete.column.when]]

[config.indexes.catalog.schema.soft_delete.column.when.value_op]
column = "status"
op = "eq"

[config.indexes.catalog.schema.soft_delete.column.when.value_op.value]
single = "retired"

[[config.indexes.catalog.schema.filters]]

[config.indexes.catalog.schema.filters.value_op]
column = "visible"
op = "eq"

[config.indexes.catalog.schema.filters.value_op.value]
single = "true"

[[config.indexes.catalog.schema.fields]]
field = "id"

[config.indexes.catalog.schema.fields.source.column]
column = "id"
ty = "integer"
nullable = false

[[config.indexes.catalog.schema.fields]]
field = "slug"

[config.indexes.catalog.schema.fields.options.analyzer]
String = "flusso_code"

[config.indexes.catalog.schema.fields.source.column]
column = "slug"
ty = "identifier"
nullable = false

[[config.indexes.catalog.schema.fields]]
field = "sku"

[config.indexes.catalog.schema.fields.source.column]
column = "sku"
ty = "keyword"
nullable = false
transforms = ["trim", "lowercase"]

[[config.indexes.catalog.schema.fields]]
field = "name"

[config.indexes.catalog.schema.fields.options.analyzer]
String = "english"

[config.indexes.catalog.schema.fields.source.column]
column = "name"
ty = "text"
nullable = false

[[config.indexes.catalog.schema.fields]]
field = "description"

[config.indexes.catalog.schema.fields.source.column]
column = "description"
ty = "text"
nullable = true

[config.indexes.catalog.schema.fields.source.column.default]
String = ""

[[config.indexes.catalog.schema.fields]]
field = "status"

[config.indexes.catalog.schema.fields.source.column]
column = "status"
ty = "enum"
nullable = false
enum_order = ["draft", "active", "retired"]

[[config.indexes.catalog.schema.fields]]
field = "condition"

[config.indexes.catalog.schema.fields.source.column]
column = "condition"
ty = "enum"
nullable = true

[[config.indexes.catalog.schema.fields]]
field = "externalId"

[config.indexes.catalog.schema.fields.source.column]
column = "external_id"
ty = "uuid"
nullable = true

[[config.indexes.catalog.schema.fields]]
field = "inStock"

[config.indexes.catalog.schema.fields.source.column]
column = "in_stock"
ty = "boolean"
nullable = false

[config.indexes.catalog.schema.fields.source.column.default]
Bool = false

[[config.indexes.catalog.schema.fields]]
field = "shelf"

[config.indexes.catalog.schema.fields.source.column]
column = "shelf"
ty = "short"
nullable = true

[[config.indexes.catalog.schema.fields]]
field = "viewCount"

[config.indexes.catalog.schema.fields.source.column]
column = "view_count"
ty = "long"
nullable = false

[config.indexes.catalog.schema.fields.source.column.default]
BigInt = 0

[[config.indexes.catalog.schema.fields]]
field = "weightKg"

[config.indexes.catalog.schema.fields.source.column]
column = "weight_kg"
ty = "float"
nullable = true

[[config.indexes.catalog.schema.fields]]
field = "score"

[config.indexes.catalog.schema.fields.source.column]
column = "score"
ty = "double"
nullable = true

[[config.indexes.catalog.schema.fields]]
field = "price"

[config.indexes.catalog.schema.fields.source.column]
column = "price"
ty = "decimal"
nullable = false

[[config.indexes.catalog.schema.fields]]
field = "releasedOn"

[config.indexes.catalog.schema.fields.source.column]
column = "released_on"
ty = "date"
nullable = true

[[config.indexes.catalog.schema.fields]]
field = "createdAt"

[config.indexes.catalog.schema.fields.options.format]
String = "strict_date_optional_time||epoch_millis"

[config.indexes.catalog.schema.fields.source.column]
column = "created_at"
ty = "timestamp"
nullable = false

[[config.indexes.catalog.schema.fields]]
field = "thumbnail"

[config.indexes.catalog.schema.fields.source.column]
column = "thumbnail"
ty = "binary"
nullable = true

[[config.indexes.catalog.schema.fields]]
field = "attributes"

[config.indexes.catalog.schema.fields.source.column]
column = "attributes"
ty = "json"
nullable = true

[[config.indexes.catalog.schema.fields]]
field = "rating"

[config.indexes.catalog.schema.fields.options.scaling_factor]
BigInt = 10

[config.indexes.catalog.schema.fields.source.column]
column = "rating_raw"
nullable = true

[config.indexes.catalog.schema.fields.source.column.ty.custom]
postgres = ["numeric"]
opensearch = "scaled_float"

[[config.indexes.catalog.schema.fields]]
field = "location"

[config.indexes.catalog.schema.fields.source.geo]
lat = "latitude"
lon = "longitude"
nullable = true

[[config.indexes.catalog.schema.fields]]
field = "warehouse"

[config.indexes.catalog.schema.fields.source.column]
column = "warehouse_point"
ty = "geo_point"
nullable = true

[[config.indexes.catalog.schema.fields]]
field = "title"

[config.indexes.catalog.schema.fields.options.dynamic]
Bool = true

[config.indexes.catalog.schema.fields.source.column]
column = "title"
nullable = false

[config.indexes.catalog.schema.fields.source.column.ty.map]
values = "text"

[[config.indexes.catalog.schema.fields]]
field = "badges"

[config.indexes.catalog.schema.fields.options.dynamic]
Bool = true

[config.indexes.catalog.schema.fields.source.column]
column = "badges"
nullable = true

[config.indexes.catalog.schema.fields.source.column.ty.map]
values = "keyword"

[[config.indexes.catalog.schema.fields]]
field = "dimensions"

[config.indexes.catalog.schema.fields.source]
group = [{ field = "widthCm", source = { column = { column = "width_cm", ty = "float", nullable = true } } }, { field = "heightCm", source = { column = { column = "height_cm", ty = "float", nullable = true } } }]

[[config.indexes.catalog.schema.fields]]
field = "brand"

[config.indexes.catalog.schema.fields.source.relation.join]
table = "brands"
primary_key = "id"
nullable = false

[config.indexes.catalog.schema.fields.source.relation.join.kind.belongs_to]
column = "brand_id"

[[config.indexes.catalog.schema.fields.source.relation.join.fields]]
field = "name"

[config.indexes.catalog.schema.fields.source.relation.join.fields.source.column]
column = "name"
ty = "keyword"
nullable = false

[[config.indexes.catalog.schema.fields.source.relation.join.fields]]
field = "country"

[config.indexes.catalog.schema.fields.source.relation.join.fields.source.column]
column = "country"
ty = "keyword"
nullable = true

[[config.indexes.catalog.schema.fields]]
field = "detail"

[config.indexes.catalog.schema.fields.source.relation.join]
table = "product_details"
primary_key = "product_id"
nullable = true

[config.indexes.catalog.schema.fields.source.relation.join.kind.has_one]
foreign_key = "product_id"

[[config.indexes.catalog.schema.fields.source.relation.join.fields]]
field = "longDescription"

[config.indexes.catalog.schema.fields.source.relation.join.fields.source.column]
column = "long_description"
ty = "text"
nullable = true

[[config.indexes.catalog.schema.fields]]
field = "reviews"

[config.indexes.catalog.schema.fields.source.relation.join]
table = "reviews"
primary_key = "id"
nullable = false
limit = 100

[config.indexes.catalog.schema.fields.source.relation.join.kind.has_many]
foreign_key = "product_id"

[[config.indexes.catalog.schema.fields.source.relation.join.filters]]

[config.indexes.catalog.schema.fields.source.relation.join.filters.value_op]
column = "spam"
op = "neq"

[config.indexes.catalog.schema.fields.source.relation.join.filters.value_op.value]
single = "true"

[[config.indexes.catalog.schema.fields.source.relation.join.order_by]]
column = "created_at"
direction = "desc"

[[config.indexes.catalog.schema.fields.source.relation.join.order_by]]
column = "id"
direction = "asc"

[[config.indexes.catalog.schema.fields.source.relation.join.fields]]
field = "stars"

[config.indexes.catalog.schema.fields.source.relation.join.fields.source.column]
column = "stars"
ty = "short"
nullable = false

[[config.indexes.catalog.schema.fields.source.relation.join.fields]]
field = "body"

[config.indexes.catalog.schema.fields.source.relation.join.fields.source.column]
column = "body"
ty = "text"
nullable = true

[[config.indexes.catalog.schema.fields]]
field = "tags"

[config.indexes.catalog.schema.fields.source.relation.join]
table = "tags"
primary_key = "id"
nullable = false

[config.indexes.catalog.schema.fields.source.relation.join.kind.many_to_many.through]
table = "product_tags"
left_key = "product_id"
right_key = "tag_id"

[[config.indexes.catalog.schema.fields.source.relation.join.order_by]]
column = "label"
direction = "asc"

[[config.indexes.catalog.schema.fields.source.relation.join.fields]]
field = "label"

[config.indexes.catalog.schema.fields.source.relation.join.fields.source.column]
column = "label"
ty = "keyword"
nullable = false

[[config.indexes.catalog.schema.fields]]
field = "reviewCount"

[config.indexes.catalog.schema.fields.source.relation.aggregate]
table = "reviews"
op = "count"

[config.indexes.catalog.schema.fields.source.relation.aggregate.key]
direct = "product_id"

[[config.indexes.catalog.schema.fields]]
field = "goodReviewCount"

[config.indexes.catalog.schema.fields.source.relation.aggregate]
table = "reviews"
op = "count"

[config.indexes.catalog.schema.fields.source.relation.aggregate.key]
direct = "product_id"

[[config.indexes.catalog.schema.fields.source.relation.aggregate.filters]]

[config.indexes.catalog.schema.fields.source.relation.aggregate.filters.value_op]
column = "stars"
op = "gte"

[config.indexes.catalog.schema.fields.source.relation.aggregate.filters.value_op.value]
single = "4"

[[config.indexes.catalog.schema.fields]]
field = "totalStars"

[config.indexes.catalog.schema.fields.source.relation.aggregate]
table = "reviews"
value_type = "long"

[config.indexes.catalog.schema.fields.source.relation.aggregate.op]
sum = "stars"

[config.indexes.catalog.schema.fields.source.relation.aggregate.key]
direct = "product_id"

[[config.indexes.catalog.schema.fields]]
field = "avgStars"

[config.indexes.catalog.schema.fields.source.relation.aggregate]
table = "reviews"

[config.indexes.catalog.schema.fields.source.relation.aggregate.op]
avg = "stars"

[config.indexes.catalog.schema.fields.source.relation.aggregate.key]
direct = "product_id"

[[config.indexes.catalog.schema.fields]]
field = "worstStars"

[config.indexes.catalog.schema.fields.source.relation.aggregate]
table = "reviews"
value_type = "short"

[config.indexes.catalog.schema.fields.source.relation.aggregate.op]
min = "stars"

[config.indexes.catalog.schema.fields.source.relation.aggregate.key]
direct = "product_id"

[[config.indexes.catalog.schema.fields]]
field = "bestStars"

[config.indexes.catalog.schema.fields.source.relation.aggregate]
table = "reviews"
value_type = "short"

[config.indexes.catalog.schema.fields.source.relation.aggregate.op]
max = "stars"

[config.indexes.catalog.schema.fields.source.relation.aggregate.key]
direct = "product_id"

[[config.indexes.catalog.schema.fields]]
field = "reviewIds"

[config.indexes.catalog.schema.fields.source.relation.aggregate]
table = "reviews"

[config.indexes.catalog.schema.fields.source.relation.aggregate.op.ids]
element_type = "long"

[config.indexes.catalog.schema.fields.source.relation.aggregate.key]
direct = "product_id"

[[config.indexes.catalog.schema.fields]]
field = "docSource"

[config.indexes.catalog.schema.fields.source.constant]
String = "catalog"

[config.server]
public_address = "0.0.0.0:9464"
private_address = "127.0.0.1:9465"
